{
	"name": "replace-qualifier",
	"version": "0.1.0",
	"lockfileVersion": 3,
	"requires": true,
	"packages": {
		"": {
			"name": "replace-qualifier",
			"version": "0.1.0",
			"license": "ISC",
			"dependencies": {
				"m3api": "^0.8.2",
				"m3api-botpassword": "^0.2.1"
			}
		},
		"node_modules/agent-base": {
			"version": "7.1.1",
			"resolved": "https://registry.npmjs.org/agent-base/-/agent-base-7.1.1.tgz",
			"integrity": "sha512-H0TSyFNDMomMNJQBn8wFV5YC/2eJ+VXECwOadZJT554xP6cODZHPX3H9QMQECxvrgiSOP1pHjy1sMWQVYJOUOA==",
			"license": "MIT",
			"dependencies": {
				"debug": "^4.3.4"
			},
			"engines": {
				"node": ">= 14"
			}
		},
		"node_modules/debug": {
			"version": "4.3.5",
			"resolved": "https://registry.npmjs.org/debug/-/debug-4.3.5.tgz",
			"integrity": "sha512-pt0bNEmneDIvdL1Xsd9oDQ/wrQRkXDT4AUWlNZNPKvW5x/jyO9VFXkJUP07vQ2upmw5PlaITaPKc31jK13V+jg==",
			"license": "MIT",
			"dependencies": {
				"ms": "2.1.2"
			},
			"engines": {
				"node": ">=6.0"
			},
			"peerDependenciesMeta": {
				"supports-color": {
					"optional": true
				}
			}
		},
		"node_modules/http-cookie-agent": {
			"version": "6.0.5",
			"resolved": "https://registry.npmjs.org/http-cookie-agent/-/http-cookie-agent-6.0.5.tgz",
			"integrity": "sha512-sfZ8fDgDP3B1YB+teqSnAK1aPgBu8reUUGxSsndP2XnYN6cM29EURXWXZqQQiaRdor3B4QjpkUNfv21syaO4DA==",
			"license": "MIT",
			"dependencies": {
				"agent-base": "^7.1.1"
			},
			"engines": {
				"node": ">=18.0.0"
			},
			"funding": {
				"url": "https://github.com/sponsors/3846masa"
			},
			"peerDependencies": {
				"tough-cookie": "^4.0.0",
				"undici": "^5.11.0 || ^6.0.0"
			},
			"peerDependenciesMeta": {
				"undici": {
					"optional": true
				}
			}
		},
		"node_modules/m3api": {
			"version": "0.8.2",
			"resolved": "https://registry.npmjs.org/m3api/-/m3api-0.8.2.tgz",
			"integrity": "sha512-kM+qZnbLapaAbXAFXBFoLSR+8IUb3YoLmUILnTyIKxO4WWZU480tW/HKaZiZLcHMYdqYfx3kStiU+PB9mo0A0w==",
			"license": "ISC",
			"dependencies": {
				"http-cookie-agent": "^6.0.3",
				"tough-cookie": "^4.1.3",
				"undici": "^6.12.0"
			},
			"engines": {
				"node": ">=18.2.0"
			}
		},
		"node_modules/m3api-botpassword": {
			"version": "0.2.1",
			"resolved": "https://registry.npmjs.org/m3api-botpassword/-/m3api-botpassword-0.2.1.tgz",
			"integrity": "sha512-Co1oDiMFpd6uuXPRSuEfkxIxHYt7FPwURcwub7Di/2qvSKfRKoiGbvV3maObQSEgNzIiL7GqA2nm1VzYgiqFfw==",
			"license": "ISC",
			"engines": {
				"node": ">=18.2.0"
			},
			"peerDependencies": {
				"m3api": "^0.8.1"
			}
		},
		"node_modules/ms": {
			"version": "2.1.2",
			"resolved": "https://registry.npmjs.org/ms/-/ms-2.1.2.tgz",
			"integrity": "sha512-sGkPx+VjMtmA6MX27oA4FBFELFCZZ4S4XqeGOXCv68tT+jb3vk/RyaKWP0PTKyWtmLSM0b+adUTEvbs1PEaH2w==",
			"license": "MIT"
		},
		"node_modules/psl": {
			"version": "1.9.0",
			"resolved": "https://registry.npmjs.org/psl/-/psl-1.9.0.tgz",
			"integrity": "sha512-E/ZsdU4HLs/68gYzgGTkMicWTLPdAftJLfJFlLUAAKZGkStNU72sZjT66SnMDVOfOWY/YAoiD7Jxa9iHvngcag==",
			"license": "MIT"
		},
		"node_modules/punycode": {
			"version": "2.3.1",
			"resolved": "https://registry.npmjs.org/punycode/-/punycode-2.3.1.tgz",
			"integrity": "sha512-vYt7UD1U9Wg6138shLtLOvdAu+8DsC/ilFtEVHcH+wydcSpNE20AfSOduf6MkRFahL5FY7X1oU7nKVZFtfq8Fg==",
			"license": "MIT",
			"engines": {
				"node": ">=6"
			}
		},
		"node_modules/querystringify": {
			"version": "2.2.0",
			"resolved": "https://registry.npmjs.org/querystringify/-/querystringify-2.2.0.tgz",
			"integrity": "sha512-FIqgj2EUvTa7R50u0rGsyTftzjYmv/a3hO345bZNrqabNqjtgiDMgmo4mkUjd+nzU5oF3dClKqFIPUKybUyqoQ==",
			"license": "MIT"
		},
		"node_modules/requires-port": {
			"version": "1.0.0",
			"resolved": "https://registry.npmjs.org/requires-port/-/requires-port-1.0.0.tgz",
			"integrity": "sha512-KigOCHcocU3XODJxsu8i/j8T9tzT4adHiecwORRQ0ZZFcp7ahwXuRU1m+yuO90C5ZUyGeGfocHDI14M3L3yDAQ==",
			"license": "MIT"
		},
		"node_modules/tough-cookie": {
			"version": "4.1.4",
			"resolved": "https://registry.npmjs.org/tough-cookie/-/tough-cookie-4.1.4.tgz",
			"integrity": "sha512-Loo5UUvLD9ScZ6jh8beX1T6sO1w2/MpCRpEP7V280GKMVUQ0Jzar2U3UJPsrdbziLEMMhu3Ujnq//rhiFuIeag==",
			"license": "BSD-3-Clause",
			"dependencies": {
				"psl": "^1.1.33",
				"punycode": "^2.1.1",
				"universalify": "^0.2.0",
				"url-parse": "^1.5.3"
			},
			"engines": {
				"node": ">=6"
			}
		},
		"node_modules/undici": {
			"version": "6.19.0",
			"resolved": "https://registry.npmjs.org/undici/-/undici-6.19.0.tgz",
			"integrity": "sha512-9gGwbSLgYMjp4r6M5P9bhqhx1E+RyUIHqZE0r7BmrRoqroJUG6xlVu5TXH9DnwmCPLkcaVNrcYtxUE9d3InnyQ==",
			"license": "MIT",
			"engines": {
				"node": ">=18.17"
			}
		},
		"node_modules/universalify": {
			"version": "0.2.0",
			"resolved": "https://registry.npmjs.org/universalify/-/universalify-0.2.0.tgz",
			"integrity": "sha512-CJ1QgKmNg3CwvAv/kOFmtnEN05f0D/cn9QntgNOQlQF9dgvVTHj3t+8JPdjqawCHk7V/KA+fbUqzZ9XWhcqPUg==",
			"license": "MIT",
			"engines": {
				"node": ">= 4.0.0"
			}
		},
		"node_modules/url-parse": {
			"version": "1.5.10",
			"resolved": "https://registry.npmjs.org/url-parse/-/url-parse-1.5.10.tgz",
			"integrity": "sha512-WypcfiRhfeUP9vvF0j6rw0J3hrWrw6iZv3+22h6iRMJ/8z1Tj6XfLP4DsUix5MhMPnXpiHDoKyoZ/bdCkwBCiQ==",
			"license": "MIT",
			"dependencies": {
				"querystringify": "^2.1.1",
				"requires-port": "^1.0.0"
			}
		}
	}
}
